// !$*UTF8*$!
{
	archiveVersion = 1;
	classes = {
	};
	objectVersion = 50;
	objects = {

/* Begin PBXBuildFile section */
		4BB8E30F222D9F1000F11C9F /* AppDelegate.m in Sources */ = {isa = PBXBuildFile; fileRef = 4BB8E30E222D9F1000F11C9F /* AppDelegate.m */; };
		4BB8E312222D9F1000F11C9F /* ViewController.m in Sources */ = {isa = PBXBuildFile; fileRef = 4BB8E311222D9F1000F11C9F /* ViewController.m */; };
		4BB8E315222D9F1000F11C9F /* Main.storyboard in Resources */ = {isa = PBXBuildFile; fileRef = 4BB8E313222D9F1000F11C9F /* Main.storyboard */; };
		4BB8E317222D9F1100F11C9F /* Assets.xcassets in Resources */ = {isa = PBXBuildFile; fileRef = 4BB8E316222D9F1100F11C9F /* Assets.xcassets */; };
		4BB8E31A222D9F1100F11C9F /* LaunchScreen.storyboard in Resources */ = {isa = PBXBuildFile; fileRef = 4BB8E318222D9F1100F11C9F /* LaunchScreen.storyboard */; };
		4BB8E31D222D9F1100F11C9F /* main.m in Sources */ = {isa = PBXBuildFile; fileRef = 4BB8E31C222D9F1100F11C9F /* main.m */; };
		4BB8E325222DF6EF00F11C9F /* Student.m in Sources */ = {isa = PBXBuildFile; fileRef = 4BB8E324222DF6EF00F11C9F /* Student.m */; };
		4BB8E32B222E3D8000F11C9F /* Second.m in Sources */ = {isa = PBXBuildFile; fileRef = 4BB8E32A222E3D8000F11C9F /* Second.m */; };
		4BB8E32F222E4D3F00F11C9F /* 1.png in Resources */ = {isa = PBXBuildFile; fileRef = 4BB8E32C222E4D3E00F11C9F /* 1.png */; };
		4BB8E330222E4D3F00F11C9F /* 2.png in Resources */ = {isa = PBXBuildFile; fileRef = 4BB8E32D222E4D3F00F11C9F /* 2.png */; };
		4BB8E331222E4D3F00F11C9F /* 3.png in Resources */ = {isa = PBXBuildFile; fileRef = 4BB8E32E222E4D3F00F11C9F /* 3.png */; };
		4BB8E333222E537F00F11C9F /* 4.png in Resources */ = {isa = PBXBuildFile; fileRef = 4BB8E332222E537F00F11C9F /* 4.png */; };
/* End PBXBuildFile section */

/* Begin PBXFileReference section */
		4BB8E30A222D9F1000F11C9F /* iOS-HW2.app */ = {isa = PBXFileReference; explicitFileType = wrapper.application; includeInIndex = 0; path = "iOS-HW2.app"; sourceTree = BUILT_PRODUCTS_DIR; };
		4BB8E30D222D9F1000F11C9F /* AppDelegate.h */ = {isa = PBXFileReference; lastKnownFileType = sourcecode.c.h; path = AppDelegate.h; sourceTree = "<group>"; };
		4BB8E30E222D9F1000F11C9F /* AppDelegate.m */ = {isa = PBXFileReference; lastKnownFileType = sourcecode.c.objc; path = AppDelegate.m; sourceTree = "<group>"; };
		4BB8E310222D9F1000F11C9F /* ViewController.h */ = {isa = PBXFileReference; lastKnownFileType = sourcecode.c.h; path = ViewController.h; sourceTree = "<group>"; };
		4BB8E311222D9F1000F11C9F /* ViewController.m */ = {isa = PBXFileReference; lastKnownFileType = sourcecode.c.objc; path = ViewController.m; sourceTree = "<group>"; };
		4BB8E314222D9F1000F11C9F /* Base */ = {isa = PBXFileReference; lastKnownFileType = file.storyboard; name = Base; path = Base.lproj/Main.storyboard; sourceTree = "<group>"; };
		4BB8E316222D9F1100F11C9F /* Assets.xcassets */ = {isa = PBXFileReference; lastKnownFileType = folder.assetcatalog; path = Assets.xcassets; sourceTree = "<group>"; };
		4BB8E319222D9F1100F11C9F /* Base */ = {isa = PBXFileReference; lastKnownFileType = file.storyboard; name = Base; path = Base.lproj/LaunchScreen.storyboard; sourceTree = "<group>"; };
		4BB8E31B222D9F1100F11C9F /* Info.plist */ = {isa = PBXFileReference; lastKnownFileType = text.plist.xml; path = Info.plist; sourceTree = "<group>"; };
		4BB8E31C222D9F1100F11C9F /* main.m */ = {isa = PBXFileReference; lastKnownFileType = sourcecode.c.objc; path = main.m; sourceTree = "<group>"; };
		4BB8E323222DF6EF00F11C9F /* Student.h */ = {isa = PBXFileReference; lastKnownFileType = sourcecode.c.h; path = Student.h; sourceTree = "<group>"; };
		4BB8E324222DF6EF00F11C9F /* Student.m */ = {isa = PBXFileReference; lastKnownFileType = sourcecode.c.objc; path = Student.m; sourceTree = "<group>"; };
		4BB8E329222E3D8000F11C9F /* Second.h */ = {isa = PBXFileReference; lastKnownFileType = sourcecode.c.h; path = Second.h; sourceTree = "<group>"; };
		4BB8E32A222E3D8000F11C9F /* Second.m */ = {isa = PBXFileReference; lastKnownFileType = sourcecode.c.objc; path = Second.m; sourceTree = "<group>"; };
		4BB8E32C222E4D3E00F11C9F /* 1.png */ = {isa = PBXFileReference; lastKnownFileType = image.png; path = 1.png; sourceTree = "<group>"; };
		4BB8E32D222E4D3F00F11C9F /* 2.png */ = {isa = PBXFileReference; lastKnownFileType = image.png; path = 2.png; sourceTree = "<group>"; };
		4BB8E32E222E4D3F00F11C9F /* 3.png */ = {isa = PBXFileReference; lastKnownFileType = image.png; path = 3.png; sourceTree = "<group>"; };
		4BB8E332222E537F00F11C9F /* 4.png */ = {isa = PBXFileReference; lastKnownFileType = image.png; path = 4.png; sourceTree = "<group>"; };
/* End PBXFileReference section */

/* Begin PBXFrameworksBuildPhase section */
		4BB8E307222D9F1000F11C9F /* Frameworks */ = {
			isa = PBXFrameworksBuildPhase;
			buildActionMask = 2147483647;
			files = (
			);
			runOnlyForDeploymentPostprocessing = 0;
		};
/* End PBXFrameworksBuildPhase section */

/* Begin PBXGroup section */
		4BB8E301222D9F1000F11C9F = {
			isa = PBXGroup;
			children = (
				4BB8E30C222D9F1000F11C9F /* iOS-HW2 */,
				4BB8E30B222D9F1000F11C9F /* Products */,
			);
			sourceTree = "<group>";
		};
		4BB8E30B222D9F1000F11C9F /* Products */ = {
			isa = PBXGroup;
			children = (
				4BB8E30A222D9F1000F11C9F /* iOS-HW2.app */,
			);
			name = Products;
			sourceTree = "<group>";
		};
		4BB8E30C222D9F1000F11C9F /* iOS-HW2 */ = {
			isa = PBXGroup;
			children = (
				4BB8E32C222E4D3E00F11C9F /* 1.png */,
				4BB8E32D222E4D3F00F11C9F /* 2.png */,
				4BB8E332222E537F00F11C9F /* 4.png */,
				4BB8E32E222E4D3F00F11C9F /* 3.png */,
				4BB8E30D222D9F1000F11C9F /* AppDelegate.h */,
				4BB8E30E222D9F1000F11C9F /* AppDelegate.m */,
				4BB8E310222D9F1000F11C9F /* ViewController.h */,
				4BB8E311222D9F1000F11C9F /* ViewController.m */,
				4BB8E313222D9F1000F11C9F /* Main.storyboard */,
				4BB8E323222DF6EF00F11C9F /* Student.h */,
				4BB8E324222DF6EF00F11C9F /* Student.m */,
				4BB8E316222D9F1100F11C9F /* Assets.xcassets */,
				4BB8E318222D9F1100F11C9F /* LaunchScreen.storyboard */,
				4BB8E31B222D9F1100F11C9F /* Info.plist */,
				4BB8E31C222D9F1100F11C9F /* main.m */,
				4BB8E329222E3D8000F11C9F /* Second.h */,
				4BB8E32A222E3D8000F11C9F /* Second.m */,
			);
			path = "iOS-HW2";
			sourceTree = "<group>";
		};
/* End PBXGroup section */

/* Begin PBXNativeTarget section */
		4BB8E309222D9F1000F11C9F /* iOS-HW2 */ = {
			isa = PBXNativeTarget;
			buildConfigurationList = 4BB8E320222D9F1100F11C9F /* Build configuration list for PBXNativeTarget "iOS-HW2" */;
			buildPhases = (
				4BB8E306222D9F1000F11C9F /* Sources */,
				4BB8E307222D9F1000F11C9F /* Frameworks */,
				4BB8E308222D9F1000F11C9F /* Resources */,
			);
			buildRules = (
			);
			dependencies = (
			);
			name = "iOS-HW2";
			productName = "iOS-HW2";
			productReference = 4BB8E30A222D9F1000F11C9F /* iOS-HW2.app */;
			productType = "com.apple.product-type.application";
		};
/* End PBXNativeTarget section */

/* Begin PBXProject section */
		4BB8E302222D9F1000F11C9F /* Project object */ = {
			isa = PBXProject;
			attributes = {
				LastUpgradeCheck = 1010;
				ORGANIZATIONNAME = "Chenyu Liu";
				TargetAttributes = {
					4BB8E309222D9F1000F11C9F = {
						CreatedOnToolsVersion = 10.1;
					};
				};
			};
			buildConfigurationList = 4BB8E305222D9F1000F11C9F /* Build configuration list for PBXProject "iOS-HW2" */;
			compatibilityVersion = "Xcode 9.3";
			developmentRegion = en;
			hasScannedForEncodings = 0;
			knownRegions = (
				en,
				Base,
			);
			mainGroup = 4BB8E301222D9F1000F11C9F;
			productRefGroup = 4BB8E30B222D9F1000F11C9F /* Products */;
			projectDirPath = "";
			projectRoot = "";
			targets = (
				4BB8E309222D9F1000F11C9F /* iOS-HW2 */,
			);
		};
/* End PBXProject section */

/* Begin PBXResourcesBuildPhase section */
		4BB8E308222D9F1000F11C9F /* Resources */ = {
			isa = PBXResourcesBuildPhase;
			buildActionMask = 2147483647;
			files = (
				4BB8E31A222D9F1100F11C9F /* LaunchScreen.storyboard in Resources */,
				4BB8E333222E537F00F11C9F /* 4.png in Resources */,
				4BB8E32F222E4D3F00F11C9F /* 1.png in Resources */,
				4BB8E330222E4D3F00F11C9F /* 2.png in Resources */,
				4BB8E331222E4D3F00F11C9F /* 3.png in Resources */,
				4BB8E317222D9F1100F11C9F /* Assets.xcassets in Resources */,
				4BB8E315222D9F1000F11C9F /* Main.storyboard in Resources */,
			);
			runOnlyForDeploymentPostprocessing = 0;
		};
/* End PBXResourcesBuildPhase section */

/* Begin PBXSourcesBuildPhase section */
		4BB8E306222D9F1000F11C9F /* Sources */ = {
			isa = PBXSourcesBuildPhase;
			buildActionMask = 2147483647;
			files = (
				4BB8E312222D9F1000F11C9F /* ViewController.m in Sources */,
				4BB8E32B222E3D8000F11C9F /* Second.m in Sources */,
				4BB8E31D222D9F1100F11C9F /* main.m in Sources */,
				4BB8E30F222D9F1000F11C9F /* AppDelegate.m in Sources */,
				4BB8E325222DF6EF00F11C9F /* Student.m in Sources */,
			);
			runOnlyForDeploymentPostprocessing = 0;
		};
/* End PBXSourcesBuildPhase section */

/* Begin PBXVariantGroup section */
		4BB8E313222D9F1000F11C9F /* Main.storyboard */ = {
			isa = PBXVariantGroup;
			children = (
				4BB8E314222D9F1000F11C9F /* Base */,
			);
			name = Main.storyboard;
			sourceTree = "<group>";
		};
		4BB8E318222D9F1100F11C9F /* LaunchScreen.storyboard */ = {
			isa = PBXVariantGroup;
			children = (
				4BB8E319222D9F1100F11C9F /* Base */,
			);
			name = LaunchScreen.storyboard;
			sourceTree = "<group>";
		};
/* End PBXVariantGroup section */

/* Begin XCBuildConfiguration section */
		4BB8E31E222D9F1100F11C9F /* Debug */ = {
			isa = XCBuildConfiguration;
			buildSettings = {
				ALWAYS_SEARCH_USER_PATHS = NO;
				CLANG_ANALYZER_NONNULL = YES;
				CLANG_ANALYZER_NUMBER_OBJECT_CONVERSION = YES_AGGRESSIVE;
				CLANG_CXX_LANGUAGE_STANDARD = "gnu++14";
				CLANG_CXX_LIBRARY = "libc++";
				CLANG_ENABLE_MODULES = YES;
				CLANG_ENABLE_OBJC_ARC = YES;
				CLANG_ENABLE_OBJC_WEAK = YES;
				CLANG_WARN_BLOCK_CAPTURE_AUTORELEASING = YES;
				CLANG_WARN_BOOL_CONVERSION = YES;
				CLANG_WARN_COMMA = YES;
				CLANG_WARN_CONSTANT_CONVERSION = YES;
				CLANG_WARN_DEPRECATED_OBJC_IMPLEMENTATIONS = YES;
				CLANG_WARN_DIRECT_OBJC_ISA_USAGE = YES_ERROR;
				CLANG_WARN_DOCUMENTATION_COMMENTS = YES;
				CLANG_WARN_EMPTY_BODY = YES;
				CLANG_WARN_ENUM_CONVERSION = YES;
				CLANG_WARN_INFINITE_RECURSION = YES;
				CLANG_WARN_INT_CONVERSION = YES;
				CLANG_WARN_NON_LITERAL_NULL_CONVERSION = YES;
				CLANG_WARN_OBJC_IMPLICIT_RETAIN_SELF = YES;
				CLANG_WARN_OBJC_LITERAL_CONVERSION = YES;
				CLANG_WARN_OBJC_ROOT_CLASS = YES_ERROR;
				CLANG_WARN_RANGE_LOOP_ANALYSIS = YES;
				CLANG_WARN_STRICT_PROTOTYPES = YES;
				CLANG_WARN_SUSPICIOUS_MOVE = YES;
				CLANG_WARN_UNGUARDED_AVAILABILITY = YES_AGGRESSIVE;
				CLANG_WARN_UNREACHABLE_CODE = YES;
				CLANG_WARN__DUPLICATE_METHOD_MATCH = YES;
				CODE_SIGN_IDENTITY = "iPhone Developer";
				COPY_PHASE_STRIP = NO;
				DEBUG_INFORMATION_FORMAT = dwarf;
				ENABLE_STRICT_OBJC_MSGSEND = YES;
				ENABLE_TESTABILITY = YES;
				GCC_C_LANGUAGE_STANDARD = gnu11;
				GCC_DYNAMIC_NO_PIC = NO;
				GCC_NO_COMMON_BLOCKS = YES;
				GCC_OPTIMIZATION_LEVEL = 0;
				GCC_PREPROCESSOR_DEFINITIONS = (
					"DEBUG=1",
					"$(inherited)",
				);
				GCC_WARN_64_TO_32_BIT_CONVERSION = YES;
				GCC_WARN_ABOUT_RETURN_TYPE = YES_ERROR;
				GCC_WARN_UNDECLARED_SELECTOR = YES;
				GCC_WARN_UNINITIALIZED_AUTOS = YES_AGGRESSIVE;
				GCC_WARN_UNUSED_FUNCTION = YES;
				GCC_WARN_UNUSED_VARIABLE = YES;
				IPHONEOS_DEPLOYMENT_TARGET = 12.1;
				MTL_ENABLE_DEBUG_INFO = INCLUDE_SOURCE;
				MTL_FAST_MATH = YES;
				ONLY_ACTIVE_ARCH = YES;
				SDKROOT = iphoneos;
			};
			name = Debug;
		};
		4BB8E31F222D9F1100F11C9F /* Release */ = {
			isa = XCBuildConfiguration;
			buildSettings = {
				ALWAYS_SEARCH_USER_PATHS = NO;
				CLANG_ANALYZER_NONNULL = YES;
				CLANG_ANALYZER_NUMBER_OBJECT_CONVERSION = YES_AGGRESSIVE;
				CLANG_CXX_LANGUAGE_STANDARD = "gnu++14";
				CLANG_CXX_LIBRARY = "libc++";
				CLANG_ENABLE_MODULES = YES;
				CLANG_ENABLE_OBJC_ARC = YES;
				CLANG_ENABLE_OBJC_WEAK = YES;
				CLANG_WARN_BLOCK_CAPTURE_AUTORELEASING = YES;
				CLANG_WARN_BOOL_CONVERSION = YES;
				CLANG_WARN_COMMA = YES;
				CLANG_WARN_CONSTANT_CONVERSION = YES;
				CLANG_WARN_DEPRECATED_OBJC_IMPLEMENTATIONS = YES;
				CLANG_WARN_DIRECT_OBJC_ISA_USAGE = YES_ERROR;
				CLANG_WARN_DOCUMENTATION_COMMENTS = YES;
				CLANG_WARN_EMPTY_BODY = YES;
				CLANG_WARN_ENUM_CONVERSION = YES;
				CLANG_WARN_INFINITE_RECURSION = YES;
				CLANG_WARN_INT_CONVERSION = YES;
				CLANG_WARN_NON_LITERAL_NULL_CONVERSION = YES;
				CLANG_WARN_OBJC_IMPLICIT_RETAIN_SELF = YES;
				CLANG_WARN_OBJC_LITERAL_CONVERSION = YES;
				CLANG_WARN_OBJC_ROOT_CLASS = YES_ERROR;
				CLANG_WARN_RANGE_LOOP_ANALYSIS = YES;
				CLANG_WARN_STRICT_PROTOTYPES = YES;
				CLANG_WARN_SUSPICIOUS_MOVE = YES;
				CLANG_WARN_UNGUARDED_AVAILABILITY = YES_AGGRESSIVE;
				CLANG_WARN_UNREACHABLE_CODE = YES;
				CLANG_WARN__DUPLICATE_METHOD_MATCH = YES;
				CODE_SIGN_IDENTITY = "iPhone Developer";
				COPY_PHASE_STRIP = NO;
				DEBUG_INFORMATION_FORMAT = "dwarf-with-dsym";
				ENABLE_NS_ASSERTIONS = NO;
				ENABLE_STRICT_OBJC_MSGSEND = YES;
				GCC_C_LANGUAGE_STANDARD = gnu11;
				GCC_NO_COMMON_BLOCKS = YES;
				GCC_WARN_64_TO_32_BIT_CONVERSION = YES;
				GCC_WARN_ABOUT_RETURN_TYPE = YES_ERROR;
				GCC_WARN_UNDECLARED_SELECTOR = YES;
				GCC_WARN_UNINITIALIZED_AUTOS = YES_AGGRESSIVE;
				GCC_WARN_UNUSED_FUNCTION = YES;
				GCC_WARN_UNUSED_VARIABLE = YES;
				IPHONEOS_DEPLOYMENT_TARGET = 12.1;
				MTL_ENABLE_DEBUG_INFO = NO;
				MTL_FAST_MATH = YES;
				SDKROOT = iphoneos;
				VALIDATE_PRODUCT = YES;
			};
			name = Release;
		};
		4BB8E321222D9F1100F11C9F /* Debug */ = {
			isa = XCBuildConfiguration;
			buildSettings = {
				ASSETCATALOG_COMPILER_APPICON_NAME = AppIcon;
				CODE_SIGN_STYLE = Automatic;
				INFOPLIST_FILE = "iOS-HW2/Info.plist";
				LD_RUNPATH_SEARCH_PATHS = (
					"$(inherited)",
					"@executable_path/Frameworks",
				);
				PRODUCT_BUNDLE_IDENTIFIER = "edu.nyu.cd.cl3679.iOS-HW2";
				PRODUCT_NAME = "$(TARGET_NAME)";
				TARGETED_DEVICE_FAMILY = "1,2";
			};
			name = Debug;
		};
		4BB8E322222D9F1100F11C9F /* Release */ = {
			isa = XCBuildConfiguration;
			buildSettings = {
				ASSETCATALOG_COMPILER_APPICON_NAME = AppIcon;
				CODE_SIGN_STYLE = Automatic;
				INFOPLIST_FILE = "iOS-HW2/Info.plist";
				LD_RUNPATH_SEARCH_PATHS = (
					"$(inherited)",
					"@executable_path/Frameworks",
				);
				PRODUCT_BUNDLE_IDENTIFIER = "edu.nyu.cd.cl3679.iOS-HW2";
				PRODUCT_NAME = "$(TARGET_NAME)";
				TARGETED_DEVICE_FAMILY = "1,2";
			};
			name = Release;
		};
/* End XCBuildConfiguration section */

/* Begin XCConfigurationList section */
		4BB8E305222D9F1000F11C9F /* Build configuration list for PBXProject "iOS-HW2" */ = {
			isa = XCConfigurationList;
			buildConfigurations = (
				4BB8E31E222D9F1100F11C9F /* Debug */,
				4BB8E31F222D9F1100F11C9F /* Release */,
			);
			defaultConfigurationIsVisible = 0;
			defaultConfigurationName = Release;
		};
		4BB8E320222D9F1100F11C9F /* Build configuration list for PBXNativeTarget "iOS-HW2" */ = {
			isa = XCConfigurationList;
			buildConfigurations = (
				4BB8E321222D9F1100F11C9F /* Debug */,
				4BB8E322222D9F1100F11C9F /* Release */,
			);
			defaultConfigurationIsVisible = 0;
			defaultConfigurationName = Release;
		};
/* End XCConfigurationList section */
	};
	rootObject = 4BB8E302222D9F1000F11C9F /* Project object */;
}
